
Microsoft Visual Studio Solution File, Format Version 12.00
# Visual Studio Version 16
VisualStudioVersion = 16.0.31702.278
MinimumVisualStudioVersion = 10.0.40219.1
Project("{FAE04EC0-301F-11D3-BF4B-00C04F79EFBC}") = "ApiCatalogoJogos", "ApiCatalogoJogos\ApiCatalogoJogos.csproj", "{3715A9C0-0EFA-4018-A295-E8741F05CF4B}"
EndProject
Global
	GlobalSection(SolutionConfigurationPlatforms) = preSolution
		Debug|Any CPU = Debug|Any CPU
		Release|Any CPU = Release|Any CPU
	EndGlobalSection
	GlobalSection(ProjectConfigurationPlatforms) = postSolution
		{3715A9C0-0EFA-4018-A295-E8741F05CF4B}.Debug|Any CPU.ActiveCfg = Debug|Any CPU
		{3715A9C0-0EFA-4018-A295-E8741F05CF4B}.Debug|Any CPU.Build.0 = Debug|Any CPU
		{3715A9C0-0EFA-4018-A295-E8741F05CF4B}.Release|Any CPU.ActiveCfg = Release|Any CPU
		{3715A9C0-0EFA-4018-A295-E8741F05CF4B}.Release|Any CPU.Build.0 = Release|Any CPU
	EndGlobalSection
	GlobalSection(SolutionProperties) = preSolution
		HideSolutionNode = FALSE
	EndGlobalSection
	GlobalSection(ExtensibilityGlobals) = postSolution
		SolutionGuid = {3D2C8AC5-138B-4D0B-A972-E7A5491F995D}
	EndGlobalSection
EndGlobal
